
Microsoft Visual Studio Solution File, Format Version 12.00
# Visual Studio Version 17
VisualStudioVersion = 17.7.34031.279
MinimumVisualStudioVersion = 10.0.40219.1
Project("{FAE04EC0-301F-11D3-BF4B-00C04F79EFBC}") = "StarChainGazerTest", "StarChainGazerTest.csproj", "{3463992D-6882-42E4-B479-C02B4BFEF833}"
EndProject
Global
	GlobalSection(SolutionConfigurationPlatforms) = preSolution
		Debug|Any CPU = Debug|Any CPU
		Release|Any CPU = Release|Any CPU
	EndGlobalSection
	GlobalSection(ProjectConfigurationPlatforms) = postSolution
		{3463992D-6882-42E4-B479-C02B4BFEF833}.Debug|Any CPU.ActiveCfg = Debug|Any CPU
		{3463992D-6882-42E4-B479-C02B4BFEF833}.Debug|Any CPU.Build.0 = Debug|Any CPU
		{3463992D-6882-42E4-B479-C02B4BFEF833}.Release|Any CPU.ActiveCfg = Release|Any CPU
		{3463992D-6882-42E4-B479-C02B4BFEF833}.Release|Any CPU.Build.0 = Release|Any CPU
	EndGlobalSection
	GlobalSection(SolutionProperties) = preSolution
		HideSolutionNode = FALSE
	EndGlobalSection
	GlobalSection(ExtensibilityGlobals) = postSolution
		SolutionGuid = {CFB0EF30-D200-4DCE-B65D-E65CA9504E56}
	EndGlobalSection
EndGlobal
