
Microsoft Visual Studio Solution File, Format Version 12.00
# Visual Studio Version 17
VisualStudioVersion = 17.7.34202.233
MinimumVisualStudioVersion = 10.0.40219.1
Project("{FAE04EC0-301F-11D3-BF4B-00C04F79EFBC}") = "Codility_Tests", "Codility_Tests.csproj", "{121DCB7B-E5EF-4C97-8756-3B2CA469A73A}"
EndProject
Project("{FAE04EC0-301F-11D3-BF4B-00C04F79EFBC}") = "UnitTests", "..\UnitTests\UnitTests.csproj", "{895BC20E-3129-43CB-9EA4-054CCEA2AD7B}"
EndProject
Global
	GlobalSection(SolutionConfigurationPlatforms) = preSolution
		Debug|Any CPU = Debug|Any CPU
		Release|Any CPU = Release|Any CPU
	EndGlobalSection
	GlobalSection(ProjectConfigurationPlatforms) = postSolution
		{121DCB7B-E5EF-4C97-8756-3B2CA469A73A}.Debug|Any CPU.ActiveCfg = Debug|Any CPU
		{121DCB7B-E5EF-4C97-8756-3B2CA469A73A}.Debug|Any CPU.Build.0 = Debug|Any CPU
		{121DCB7B-E5EF-4C97-8756-3B2CA469A73A}.Release|Any CPU.ActiveCfg = Release|Any CPU
		{121DCB7B-E5EF-4C97-8756-3B2CA469A73A}.Release|Any CPU.Build.0 = Release|Any CPU
		{895BC20E-3129-43CB-9EA4-054CCEA2AD7B}.Debug|Any CPU.ActiveCfg = Debug|Any CPU
		{895BC20E-3129-43CB-9EA4-054CCEA2AD7B}.Debug|Any CPU.Build.0 = Debug|Any CPU
		{895BC20E-3129-43CB-9EA4-054CCEA2AD7B}.Release|Any CPU.ActiveCfg = Release|Any CPU
		{895BC20E-3129-43CB-9EA4-054CCEA2AD7B}.Release|Any CPU.Build.0 = Release|Any CPU
	EndGlobalSection
	GlobalSection(SolutionProperties) = preSolution
		HideSolutionNode = FALSE
	EndGlobalSection
	GlobalSection(ExtensibilityGlobals) = postSolution
		SolutionGuid = {D7F0F59B-A413-4DC1-BAC4-93C073F16DD3}
	EndGlobalSection
EndGlobal
