
Microsoft Visual Studio Solution File, Format Version 12.00
# Visual Studio Version 17
VisualStudioVersion = 17.8.34330.188
MinimumVisualStudioVersion = 10.0.40219.1
Project("{9A19103F-16F7-4668-BE54-9A1E7A4F7556}") = "Training2", "Training2.csproj", "{8FBE21C5-358A-466F-9085-D69EFC07E001}"
EndProject
Global
	GlobalSection(SolutionConfigurationPlatforms) = preSolution
		Debug|Any CPU = Debug|Any CPU
		Release|Any CPU = Release|Any CPU
	EndGlobalSection
	GlobalSection(ProjectConfigurationPlatforms) = postSolution
		{8FBE21C5-358A-466F-9085-D69EFC07E001}.Debug|Any CPU.ActiveCfg = Debug|Any CPU
		{8FBE21C5-358A-466F-9085-D69EFC07E001}.Debug|Any CPU.Build.0 = Debug|Any CPU
		{8FBE21C5-358A-466F-9085-D69EFC07E001}.Release|Any CPU.ActiveCfg = Release|Any CPU
		{8FBE21C5-358A-466F-9085-D69EFC07E001}.Release|Any CPU.Build.0 = Release|Any CPU
	EndGlobalSection
	GlobalSection(SolutionProperties) = preSolution
		HideSolutionNode = FALSE
	EndGlobalSection
	GlobalSection(ExtensibilityGlobals) = postSolution
		SolutionGuid = {5F2A89D4-CD8D-4B6E-A083-35B28455BB20}
	EndGlobalSection
EndGlobal
