
Microsoft Visual Studio Solution File, Format Version 12.00
# Visual Studio Version 17
VisualStudioVersion = 17.8.34330.188
MinimumVisualStudioVersion = 10.0.40219.1
Project("{9A19103F-16F7-4668-BE54-9A1E7A4F7556}") = "Training4-C#features", "Training4-C#features.csproj", "{C99086B0-307F-4BB5-AAAF-0360431C45A2}"
EndProject
Global
	GlobalSection(SolutionConfigurationPlatforms) = preSolution
		Debug|Any CPU = Debug|Any CPU
		Release|Any CPU = Release|Any CPU
	EndGlobalSection
	GlobalSection(ProjectConfigurationPlatforms) = postSolution
		{C99086B0-307F-4BB5-AAAF-0360431C45A2}.Debug|Any CPU.ActiveCfg = Debug|Any CPU
		{C99086B0-307F-4BB5-AAAF-0360431C45A2}.Debug|Any CPU.Build.0 = Debug|Any CPU
		{C99086B0-307F-4BB5-AAAF-0360431C45A2}.Release|Any CPU.ActiveCfg = Release|Any CPU
		{C99086B0-307F-4BB5-AAAF-0360431C45A2}.Release|Any CPU.Build.0 = Release|Any CPU
	EndGlobalSection
	GlobalSection(SolutionProperties) = preSolution
		HideSolutionNode = FALSE
	EndGlobalSection
	GlobalSection(ExtensibilityGlobals) = postSolution
		SolutionGuid = {DD6CCFAC-ABE1-4640-80F2-4577C247B792}
	EndGlobalSection
EndGlobal
