
Microsoft Visual Studio Solution File, Format Version 12.00
# Visual Studio Version 17
VisualStudioVersion = 17.11.35219.272
MinimumVisualStudioVersion = 10.0.40219.1
Project("{FAE04EC0-301F-11D3-BF4B-00C04F79EFBC}") = "ZesteDeSavoir", "ZesteDeSavoir.csproj", "{A5231F98-E576-4D95-847B-B7435C2587AE}"
EndProject
Global
	GlobalSection(SolutionConfigurationPlatforms) = preSolution
		Debug|Any CPU = Debug|Any CPU
		Release|Any CPU = Release|Any CPU
	EndGlobalSection
	GlobalSection(ProjectConfigurationPlatforms) = postSolution
		{A5231F98-E576-4D95-847B-B7435C2587AE}.Debug|Any CPU.ActiveCfg = Debug|Any CPU
		{A5231F98-E576-4D95-847B-B7435C2587AE}.Debug|Any CPU.Build.0 = Debug|Any CPU
		{A5231F98-E576-4D95-847B-B7435C2587AE}.Release|Any CPU.ActiveCfg = Release|Any CPU
		{A5231F98-E576-4D95-847B-B7435C2587AE}.Release|Any CPU.Build.0 = Release|Any CPU
	EndGlobalSection
	GlobalSection(SolutionProperties) = preSolution
		HideSolutionNode = FALSE
	EndGlobalSection
	GlobalSection(ExtensibilityGlobals) = postSolution
		SolutionGuid = {83393E45-6973-4AD1-A12A-AEDE7129FF76}
	EndGlobalSection
EndGlobal
