
Microsoft Visual Studio Solution File, Format Version 12.00
# Visual Studio Version 17
VisualStudioVersion = 17.9.34607.119
MinimumVisualStudioVersion = 10.0.40219.1
Project("{FAE04EC0-301F-11D3-BF4B-00C04F79EFBC}") = "IsogradC#05", "IsogradC#05.csproj", "{1D4B1902-D490-465F-896B-86D331CBEA34}"
EndProject
Global
	GlobalSection(SolutionConfigurationPlatforms) = preSolution
		Debug|Any CPU = Debug|Any CPU
		Release|Any CPU = Release|Any CPU
	EndGlobalSection
	GlobalSection(ProjectConfigurationPlatforms) = postSolution
		{1D4B1902-D490-465F-896B-86D331CBEA34}.Debug|Any CPU.ActiveCfg = Debug|Any CPU
		{1D4B1902-D490-465F-896B-86D331CBEA34}.Debug|Any CPU.Build.0 = Debug|Any CPU
		{1D4B1902-D490-465F-896B-86D331CBEA34}.Release|Any CPU.ActiveCfg = Release|Any CPU
		{1D4B1902-D490-465F-896B-86D331CBEA34}.Release|Any CPU.Build.0 = Release|Any CPU
	EndGlobalSection
	GlobalSection(SolutionProperties) = preSolution
		HideSolutionNode = FALSE
	EndGlobalSection
	GlobalSection(ExtensibilityGlobals) = postSolution
		SolutionGuid = {C04DDDE2-DB83-4BC4-A1EA-174C9955E4AB}
	EndGlobalSection
EndGlobal
