
Microsoft Visual Studio Solution File, Format Version 12.00
# Visual Studio Version 17
VisualStudioVersion = 17.9.34622.214
MinimumVisualStudioVersion = 10.0.40219.1
Project("{FAE04EC0-301F-11D3-BF4B-00C04F79EFBC}") = "IsogradC#10", "IsogradC#10.csproj", "{2971DD82-175B-4268-867D-FBE906198B39}"
EndProject
Global
	GlobalSection(SolutionConfigurationPlatforms) = preSolution
		Debug|Any CPU = Debug|Any CPU
		Release|Any CPU = Release|Any CPU
	EndGlobalSection
	GlobalSection(ProjectConfigurationPlatforms) = postSolution
		{2971DD82-175B-4268-867D-FBE906198B39}.Debug|Any CPU.ActiveCfg = Debug|Any CPU
		{2971DD82-175B-4268-867D-FBE906198B39}.Debug|Any CPU.Build.0 = Debug|Any CPU
		{2971DD82-175B-4268-867D-FBE906198B39}.Release|Any CPU.ActiveCfg = Release|Any CPU
		{2971DD82-175B-4268-867D-FBE906198B39}.Release|Any CPU.Build.0 = Release|Any CPU
	EndGlobalSection
	GlobalSection(SolutionProperties) = preSolution
		HideSolutionNode = FALSE
	EndGlobalSection
	GlobalSection(ExtensibilityGlobals) = postSolution
		SolutionGuid = {C62F0FB8-185A-4442-8A43-62C79C2E9D4B}
	EndGlobalSection
EndGlobal
