
Microsoft Visual Studio Solution File, Format Version 12.00
# Visual Studio Version 17
VisualStudioVersion = 17.8.34330.188
MinimumVisualStudioVersion = 10.0.40219.1
Project("{9A19103F-16F7-4668-BE54-9A1E7A4F7556}") = "Training1", "Training1.csproj", "{621BD2A1-2484-450C-9ED5-D5BED8E13377}"
EndProject
Global
	GlobalSection(SolutionConfigurationPlatforms) = preSolution
		Debug|Any CPU = Debug|Any CPU
		Release|Any CPU = Release|Any CPU
	EndGlobalSection
	GlobalSection(ProjectConfigurationPlatforms) = postSolution
		{621BD2A1-2484-450C-9ED5-D5BED8E13377}.Debug|Any CPU.ActiveCfg = Debug|Any CPU
		{621BD2A1-2484-450C-9ED5-D5BED8E13377}.Debug|Any CPU.Build.0 = Debug|Any CPU
		{621BD2A1-2484-450C-9ED5-D5BED8E13377}.Release|Any CPU.ActiveCfg = Release|Any CPU
		{621BD2A1-2484-450C-9ED5-D5BED8E13377}.Release|Any CPU.Build.0 = Release|Any CPU
	EndGlobalSection
	GlobalSection(SolutionProperties) = preSolution
		HideSolutionNode = FALSE
	EndGlobalSection
	GlobalSection(ExtensibilityGlobals) = postSolution
		SolutionGuid = {67CEBB1B-EBF2-4172-BBBE-065C5DDF517F}
	EndGlobalSection
EndGlobal
